// !$*UTF8*$!
{
	archiveVersion = 1;
	classes = {
	};
	objectVersion = 51;
	objects = {

/* Begin PBXBuildFile section */
		110561335EA8E1C2C5B9C8E8 /* Pods_SampleProject.framework in Frameworks */ = {isa = PBXBuildFile; fileRef = F8A234460B46B43DAAD1E9DA /* Pods_SampleProject.framework */; };
		EA464B51259BAC820039E5A7 /* AppDelegate.swift in Sources */ = {isa = PBXBuildFile; fileRef = EA464B50259BAC820039E5A7 /* AppDelegate.swift */; };
		EA464B53259BAC820039E5A7 /* SceneDelegate.swift in Sources */ = {isa = PBXBuildFile; fileRef = EA464B52259BAC820039E5A7 /* SceneDelegate.swift */; };
		EA464B58259BAC820039E5A7 /* Main.storyboard in Resources */ = {isa = PBXBuildFile; fileRef = EA464B56259BAC820039E5A7 /* Main.storyboard */; };
		EA464B5B259BAC820039E5A7 /* SampleProject.xcdatamodeld in Sources */ = {isa = PBXBuildFile; fileRef = EA464B59259BAC820039E5A7 /* SampleProject.xcdatamodeld */; };
		EA464B5D259BAC820039E5A7 /* Assets.xcassets in Resources */ = {isa = PBXBuildFile; fileRef = EA464B5C259BAC820039E5A7 /* Assets.xcassets */; };
		EA464B60259BAC830039E5A7 /* LaunchScreen.storyboard in Resources */ = {isa = PBXBuildFile; fileRef = EA464B5E259BAC830039E5A7 /* LaunchScreen.storyboard */; };
		EA464B73259BADD50039E5A7 /* BaseCoordinator.swift in Sources */ = {isa = PBXBuildFile; fileRef = EA464B72259BADD50039E5A7 /* BaseCoordinator.swift */; };
		EA464B77259BADF60039E5A7 /* AppCoordinator.swift in Sources */ = {isa = PBXBuildFile; fileRef = EA464B76259BADF60039E5A7 /* AppCoordinator.swift */; };
		EA464B7A259BAE3C0039E5A7 /* AppCoordinator+Extension.swift in Sources */ = {isa = PBXBuildFile; fileRef = EA464B79259BAE3C0039E5A7 /* AppCoordinator+Extension.swift */; };
		EA464B7F259BAEF00039E5A7 /* UIViewController+Nib.swift in Sources */ = {isa = PBXBuildFile; fileRef = EA464B7E259BAEF00039E5A7 /* UIViewController+Nib.swift */; };
		EA464B8F259BB18B0039E5A7 /* Route.swift in Sources */ = {isa = PBXBuildFile; fileRef = EA464B8E259BB18B0039E5A7 /* Route.swift */; };
		EA464B93259BB1C40039E5A7 /* RouteUtils.swift in Sources */ = {isa = PBXBuildFile; fileRef = EA464B92259BB1C40039E5A7 /* RouteUtils.swift */; };
		EA464B97259BB1EE0039E5A7 /* Endpoints.swift in Sources */ = {isa = PBXBuildFile; fileRef = EA464B96259BB1EE0039E5A7 /* Endpoints.swift */; };
		EA464B9B259BB2CE0039E5A7 /* Network.swift in Sources */ = {isa = PBXBuildFile; fileRef = EA464B9A259BB2CE0039E5A7 /* Network.swift */; };
		EAAC16D6259BB3BE004B6EB5 /* DefaultUtils.swift in Sources */ = {isa = PBXBuildFile; fileRef = EAAC16D5259BB3BE004B6EB5 /* DefaultUtils.swift */; };
		EAAC16DB259BB445004B6EB5 /* ApiResponse.swift in Sources */ = {isa = PBXBuildFile; fileRef = EAAC16DA259BB444004B6EB5 /* ApiResponse.swift */; };
		EAE4F937259BB54700211FD1 /* LoginViewController.swift in Sources */ = {isa = PBXBuildFile; fileRef = EAE4F935259BB54700211FD1 /* LoginViewController.swift */; };
		EAE4F938259BB54700211FD1 /* LoginViewController.xib in Resources */ = {isa = PBXBuildFile; fileRef = EAE4F936259BB54700211FD1 /* LoginViewController.xib */; };
		EAE4F93B259BB59000211FD1 /* LoginViewModel.swift in Sources */ = {isa = PBXBuildFile; fileRef = EAE4F93A259BB59000211FD1 /* LoginViewModel.swift */; };
		EAE4F93F259BB65500211FD1 /* LoginCoordinator.swift in Sources */ = {isa = PBXBuildFile; fileRef = EAE4F93E259BB65500211FD1 /* LoginCoordinator.swift */; };
		EAE4F943259BB70D00211FD1 /* LoginViewModel+Extension.swift in Sources */ = {isa = PBXBuildFile; fileRef = EAE4F942259BB70D00211FD1 /* LoginViewModel+Extension.swift */; };
/* End PBXBuildFile section */

/* Begin PBXFileReference section */
		04914D6B601A0F2E372E956A /* Pods-SampleProject.release.xcconfig */ = {isa = PBXFileReference; includeInIndex = 1; lastKnownFileType = text.xcconfig; name = "Pods-SampleProject.release.xcconfig"; path = "Target Support Files/Pods-SampleProject/Pods-SampleProject.release.xcconfig"; sourceTree = "<group>"; };
		7C055A91D57389AB4ABBAF6A /* Pods-SampleProject.debug.xcconfig */ = {isa = PBXFileReference; includeInIndex = 1; lastKnownFileType = text.xcconfig; name = "Pods-SampleProject.debug.xcconfig"; path = "Target Support Files/Pods-SampleProject/Pods-SampleProject.debug.xcconfig"; sourceTree = "<group>"; };
		EA464B4D259BAC820039E5A7 /* SampleProject.app */ = {isa = PBXFileReference; explicitFileType = wrapper.application; includeInIndex = 0; path = SampleProject.app; sourceTree = BUILT_PRODUCTS_DIR; };
		EA464B50259BAC820039E5A7 /* AppDelegate.swift */ = {isa = PBXFileReference; lastKnownFileType = sourcecode.swift; path = AppDelegate.swift; sourceTree = "<group>"; };
		EA464B52259BAC820039E5A7 /* SceneDelegate.swift */ = {isa = PBXFileReference; lastKnownFileType = sourcecode.swift; path = SceneDelegate.swift; sourceTree = "<group>"; };
		EA464B57259BAC820039E5A7 /* Base */ = {isa = PBXFileReference; lastKnownFileType = file.storyboard; name = Base; path = Base.lproj/Main.storyboard; sourceTree = "<group>"; };
		EA464B5A259BAC820039E5A7 /* SampleProject.xcdatamodel */ = {isa = PBXFileReference; lastKnownFileType = wrapper.xcdatamodel; path = SampleProject.xcdatamodel; sourceTree = "<group>"; };
		EA464B5C259BAC820039E5A7 /* Assets.xcassets */ = {isa = PBXFileReference; lastKnownFileType = folder.assetcatalog; path = Assets.xcassets; sourceTree = "<group>"; };
		EA464B5F259BAC830039E5A7 /* Base */ = {isa = PBXFileReference; lastKnownFileType = file.storyboard; name = Base; path = Base.lproj/LaunchScreen.storyboard; sourceTree = "<group>"; };
		EA464B61259BAC830039E5A7 /* Info.plist */ = {isa = PBXFileReference; lastKnownFileType = text.plist.xml; path = Info.plist; sourceTree = "<group>"; };
		EA464B72259BADD50039E5A7 /* BaseCoordinator.swift */ = {isa = PBXFileReference; lastKnownFileType = sourcecode.swift; path = BaseCoordinator.swift; sourceTree = "<group>"; };
		EA464B76259BADF60039E5A7 /* AppCoordinator.swift */ = {isa = PBXFileReference; lastKnownFileType = sourcecode.swift; path = AppCoordinator.swift; sourceTree = "<group>"; };
		EA464B79259BAE3C0039E5A7 /* AppCoordinator+Extension.swift */ = {isa = PBXFileReference; lastKnownFileType = sourcecode.swift; path = "AppCoordinator+Extension.swift"; sourceTree = "<group>"; };
		EA464B7E259BAEF00039E5A7 /* UIViewController+Nib.swift */ = {isa = PBXFileReference; lastKnownFileType = sourcecode.swift; path = "UIViewController+Nib.swift"; sourceTree = "<group>"; };
		EA464B8E259BB18B0039E5A7 /* Route.swift */ = {isa = PBXFileReference; lastKnownFileType = sourcecode.swift; path = Route.swift; sourceTree = "<group>"; };
		EA464B92259BB1C40039E5A7 /* RouteUtils.swift */ = {isa = PBXFileReference; lastKnownFileType = sourcecode.swift; path = RouteUtils.swift; sourceTree = "<group>"; };
		EA464B96259BB1EE0039E5A7 /* Endpoints.swift */ = {isa = PBXFileReference; lastKnownFileType = sourcecode.swift; path = Endpoints.swift; sourceTree = "<group>"; };
		EA464B9A259BB2CE0039E5A7 /* Network.swift */ = {isa = PBXFileReference; lastKnownFileType = sourcecode.swift; path = Network.swift; sourceTree = "<group>"; };
		EAAC16D5259BB3BE004B6EB5 /* DefaultUtils.swift */ = {isa = PBXFileReference; lastKnownFileType = sourcecode.swift; path = DefaultUtils.swift; sourceTree = "<group>"; };
		EAAC16DA259BB444004B6EB5 /* ApiResponse.swift */ = {isa = PBXFileReference; lastKnownFileType = sourcecode.swift; path = ApiResponse.swift; sourceTree = "<group>"; };
		EAE4F935259BB54700211FD1 /* LoginViewController.swift */ = {isa = PBXFileReference; lastKnownFileType = sourcecode.swift; path = LoginViewController.swift; sourceTree = "<group>"; };
		EAE4F936259BB54700211FD1 /* LoginViewController.xib */ = {isa = PBXFileReference; lastKnownFileType = file.xib; path = LoginViewController.xib; sourceTree = "<group>"; };
		EAE4F93A259BB59000211FD1 /* LoginViewModel.swift */ = {isa = PBXFileReference; lastKnownFileType = sourcecode.swift; path = LoginViewModel.swift; sourceTree = "<group>"; };
		EAE4F93E259BB65500211FD1 /* LoginCoordinator.swift */ = {isa = PBXFileReference; lastKnownFileType = sourcecode.swift; path = LoginCoordinator.swift; sourceTree = "<group>"; };
		EAE4F942259BB70D00211FD1 /* LoginViewModel+Extension.swift */ = {isa = PBXFileReference; lastKnownFileType = sourcecode.swift; path = "LoginViewModel+Extension.swift"; sourceTree = "<group>"; };
		F8A234460B46B43DAAD1E9DA /* Pods_SampleProject.framework */ = {isa = PBXFileReference; explicitFileType = wrapper.framework; includeInIndex = 0; path = Pods_SampleProject.framework; sourceTree = BUILT_PRODUCTS_DIR; };
/* End PBXFileReference section */

/* Begin PBXFrameworksBuildPhase section */
		EA464B4A259BAC820039E5A7 /* Frameworks */ = {
			isa = PBXFrameworksBuildPhase;
			buildActionMask = 2147483647;
			files = (
				110561335EA8E1C2C5B9C8E8 /* Pods_SampleProject.framework in Frameworks */,
			);
			runOnlyForDeploymentPostprocessing = 0;
		};
/* End PBXFrameworksBuildPhase section */

/* Begin PBXGroup section */
		86C57A1F82FA501D0E8B0F1F /* Frameworks */ = {
			isa = PBXGroup;
			children = (
				F8A234460B46B43DAAD1E9DA /* Pods_SampleProject.framework */,
			);
			name = Frameworks;
			sourceTree = "<group>";
		};
		B7194DFBCB7D0E82250F3EA6 /* Pods */ = {
			isa = PBXGroup;
			children = (
				7C055A91D57389AB4ABBAF6A /* Pods-SampleProject.debug.xcconfig */,
				04914D6B601A0F2E372E956A /* Pods-SampleProject.release.xcconfig */,
			);
			path = Pods;
			sourceTree = "<group>";
		};
		EA464B44259BAC810039E5A7 = {
			isa = PBXGroup;
			children = (
				EA464B4F259BAC820039E5A7 /* SampleProject */,
				EA464B4E259BAC820039E5A7 /* Products */,
				B7194DFBCB7D0E82250F3EA6 /* Pods */,
				86C57A1F82FA501D0E8B0F1F /* Frameworks */,
			);
			sourceTree = "<group>";
		};
		EA464B4E259BAC820039E5A7 /* Products */ = {
			isa = PBXGroup;
			children = (
				EA464B4D259BAC820039E5A7 /* SampleProject.app */,
			);
			name = Products;
			sourceTree = "<group>";
		};
		EA464B4F259BAC820039E5A7 /* SampleProject */ = {
			isa = PBXGroup;
			children = (
				EA464B6E259BAD8A0039E5A7 /* Navigation Layer */,
				EA464B88259BB1300039E5A7 /* NetworkingLayer */,
				EA464B6C259BAD230039E5A7 /* Ressources */,
				EA464B6A259BACEB0039E5A7 /* Supporting files */,
				EA464B7C259BAE770039E5A7 /* Utils */,
				EA464B68259BACCD0039E5A7 /* Application */,
				EA464B61259BAC830039E5A7 /* Info.plist */,
				EA464B59259BAC820039E5A7 /* SampleProject.xcdatamodeld */,
			);
			path = SampleProject;
			sourceTree = "<group>";
		};
		EA464B68259BACCD0039E5A7 /* Application */ = {
			isa = PBXGroup;
			children = (
				EAE4F931259BB50900211FD1 /* Scenes */,
				EA464B69259BACD80039E5A7 /* StarterDelegates */,
			);
			path = Application;
			sourceTree = "<group>";
		};
		EA464B69259BACD80039E5A7 /* StarterDelegates */ = {
			isa = PBXGroup;
			children = (
				EA464B50259BAC820039E5A7 /* AppDelegate.swift */,
				EA464B52259BAC820039E5A7 /* SceneDelegate.swift */,
			);
			path = StarterDelegates;
			sourceTree = "<group>";
		};
		EA464B6A259BACEB0039E5A7 /* Supporting files */ = {
			isa = PBXGroup;
			children = (
				EA464B56259BAC820039E5A7 /* Main.storyboard */,
				EA464B5E259BAC830039E5A7 /* LaunchScreen.storyboard */,
			);
			path = "Supporting files";
			sourceTree = "<group>";
		};
		EA464B6C259BAD230039E5A7 /* Ressources */ = {
			isa = PBXGroup;
			children = (
				EA464B6D259BAD2B0039E5A7 /* Assets */,
			);
			path = Ressources;
			sourceTree = "<group>";
		};
		EA464B6D259BAD2B0039E5A7 /* Assets */ = {
			isa = PBXGroup;
			children = (
				EA464B5C259BAC820039E5A7 /* Assets.xcassets */,
			);
			path = Assets;
			sourceTree = "<group>";
		};
		EA464B6E259BAD8A0039E5A7 /* Navigation Layer */ = {
			isa = PBXGroup;
			children = (
				EA464B71259BADB90039E5A7 /* Flows */,
				EA464B6F259BAD9F0039E5A7 /* BaseCoordinator */,
			);
			path = "Navigation Layer";
			sourceTree = "<group>";
		};
		EA464B6F259BAD9F0039E5A7 /* BaseCoordinator */ = {
			isa = PBXGroup;
			children = (
				EA464B70259BADAE0039E5A7 /* AppCoordinator */,
				EA464B72259BADD50039E5A7 /* BaseCoordinator.swift */,
			);
			path = BaseCoordinator;
			sourceTree = "<group>";
		};
		EA464B70259BADAE0039E5A7 /* AppCoordinator */ = {
			isa = PBXGroup;
			children = (
				EA464B76259BADF60039E5A7 /* AppCoordinator.swift */,
				EA464B79259BAE3C0039E5A7 /* AppCoordinator+Extension.swift */,
			);
			path = AppCoordinator;
			sourceTree = "<group>";
		};
		EA464B71259BADB90039E5A7 /* Flows */ = {
			isa = PBXGroup;
			children = (
				EAE4F93D259BB63500211FD1 /* LoginCoordinator */,
			);
			path = Flows;
			sourceTree = "<group>";
		};
		EA464B7C259BAE770039E5A7 /* Utils */ = {
			isa = PBXGroup;
			children = (
				EAAC16D4259BB394004B6EB5 /* SharedInstance */,
				EA464B7D259BAE8E0039E5A7 /* Extensions */,
			);
			path = Utils;
			sourceTree = "<group>";
		};
		EA464B7D259BAE8E0039E5A7 /* Extensions */ = {
			isa = PBXGroup;
			children = (
				EA464B7E259BAEF00039E5A7 /* UIViewController+Nib.swift */,
			);
			path = Extensions;
			sourceTree = "<group>";
		};
		EA464B88259BB1300039E5A7 /* NetworkingLayer */ = {
			isa = PBXGroup;
			children = (
				EA464B99259BB2B00039E5A7 /* Core */,
				EA464B8D259BB16C0039E5A7 /* Services */,
				EA464B8A259BB14E0039E5A7 /* Route */,
				EA464B8C259BB1560039E5A7 /* Models */,
			);
			path = NetworkingLayer;
			sourceTree = "<group>";
		};
		EA464B8A259BB14E0039E5A7 /* Route */ = {
			isa = PBXGroup;
			children = (
				EA464B91259BB1A30039E5A7 /* RouteUtils */,
				EA464B8E259BB18B0039E5A7 /* Route.swift */,
			);
			path = Route;
			sourceTree = "<group>";
		};
		EA464B8C259BB1560039E5A7 /* Models */ = {
			isa = PBXGroup;
			children = (
			);
			path = Models;
			sourceTree = "<group>";
		};
		EA464B8D259BB16C0039E5A7 /* Services */ = {
			isa = PBXGroup;
			children = (
			);
			path = Services;
			sourceTree = "<group>";
		};
		EA464B91259BB1A30039E5A7 /* RouteUtils */ = {
			isa = PBXGroup;
			children = (
				EA464B92259BB1C40039E5A7 /* RouteUtils.swift */,
				EA464B96259BB1EE0039E5A7 /* Endpoints.swift */,
			);
			path = RouteUtils;
			sourceTree = "<group>";
		};
		EA464B99259BB2B00039E5A7 /* Core */ = {
			isa = PBXGroup;
			children = (
				EAAC16DA259BB444004B6EB5 /* ApiResponse.swift */,
				EA464B9A259BB2CE0039E5A7 /* Network.swift */,
			);
			path = Core;
			sourceTree = "<group>";
		};
		EAAC16D4259BB394004B6EB5 /* SharedInstance */ = {
			isa = PBXGroup;
			children = (
				EAAC16D5259BB3BE004B6EB5 /* DefaultUtils.swift */,
			);
			path = SharedInstance;
			sourceTree = "<group>";
		};
		EAE4F931259BB50900211FD1 /* Scenes */ = {
			isa = PBXGroup;
			children = (
				EAE4F932259BB51700211FD1 /* LoginScene */,
			);
			path = Scenes;
			sourceTree = "<group>";
		};
		EAE4F932259BB51700211FD1 /* LoginScene */ = {
			isa = PBXGroup;
			children = (
				EAE4F933259BB51E00211FD1 /* View */,
				EAE4F934259BB52A00211FD1 /* ViewModel */,
			);
			path = LoginScene;
			sourceTree = "<group>";
		};
		EAE4F933259BB51E00211FD1 /* View */ = {
			isa = PBXGroup;
			children = (
				EAE4F935259BB54700211FD1 /* LoginViewController.swift */,
				EAE4F936259BB54700211FD1 /* LoginViewController.xib */,
			);
			path = View;
			sourceTree = "<group>";
		};
		EAE4F934259BB52A00211FD1 /* ViewModel */ = {
			isa = PBXGroup;
			children = (
				EAE4F93A259BB59000211FD1 /* LoginViewModel.swift */,
			);
			path = ViewModel;
			sourceTree = "<group>";
		};
		EAE4F93D259BB63500211FD1 /* LoginCoordinator */ = {
			isa = PBXGroup;
			children = (
				EAE4F93E259BB65500211FD1 /* LoginCoordinator.swift */,
				EAE4F942259BB70D00211FD1 /* LoginViewModel+Extension.swift */,
			);
			path = LoginCoordinator;
			sourceTree = "<group>";
		};
/* End PBXGroup section */

/* Begin PBXNativeTarget section */
		EA464B4C259BAC820039E5A7 /* SampleProject */ = {
			isa = PBXNativeTarget;
			buildConfigurationList = EA464B64259BAC830039E5A7 /* Build configuration list for PBXNativeTarget "SampleProject" */;
			buildPhases = (
				7195274251DBCECDB7D7E38D /* [CP] Check Pods Manifest.lock */,
				EA464B49259BAC820039E5A7 /* Sources */,
				EA464B4A259BAC820039E5A7 /* Frameworks */,
				EA464B4B259BAC820039E5A7 /* Resources */,
				EEBBF8C7CB50C72288F39A07 /* [CP] Embed Pods Frameworks */,
			);
			buildRules = (
			);
			dependencies = (
			);
			name = SampleProject;
			productName = SampleProject;
			productReference = EA464B4D259BAC820039E5A7 /* SampleProject.app */;
			productType = "com.apple.product-type.application";
		};
/* End PBXNativeTarget section */

/* Begin PBXProject section */
		EA464B45259BAC810039E5A7 /* Project object */ = {
			isa = PBXProject;
			attributes = {
				LastSwiftUpdateCheck = 1220;
				LastUpgradeCheck = 1220;
				TargetAttributes = {
					EA464B4C259BAC820039E5A7 = {
						CreatedOnToolsVersion = 12.2;
					};
				};
			};
			buildConfigurationList = EA464B48259BAC810039E5A7 /* Build configuration list for PBXProject "SampleProject" */;
			compatibilityVersion = "Xcode 9.3";
			developmentRegion = en;
			hasScannedForEncodings = 0;
			knownRegions = (
				en,
				Base,
			);
			mainGroup = EA464B44259BAC810039E5A7;
			productRefGroup = EA464B4E259BAC820039E5A7 /* Products */;
			projectDirPath = "";
			projectRoot = "";
			targets = (
				EA464B4C259BAC820039E5A7 /* SampleProject */,
			);
		};
/* End PBXProject section */

/* Begin PBXResourcesBuildPhase section */
		EA464B4B259BAC820039E5A7 /* Resources */ = {
			isa = PBXResourcesBuildPhase;
			buildActionMask = 2147483647;
			files = (
				EAE4F938259BB54700211FD1 /* LoginViewController.xib in Resources */,
				EA464B60259BAC830039E5A7 /* LaunchScreen.storyboard in Resources */,
				EA464B5D259BAC820039E5A7 /* Assets.xcassets in Resources */,
				EA464B58259BAC820039E5A7 /* Main.storyboard in Resources */,
			);
			runOnlyForDeploymentPostprocessing = 0;
		};
/* End PBXResourcesBuildPhase section */

/* Begin PBXShellScriptBuildPhase section */
		7195274251DBCECDB7D7E38D /* [CP] Check Pods Manifest.lock */ = {
			isa = PBXShellScriptBuildPhase;
			buildActionMask = 2147483647;
			files = (
			);
			inputFileListPaths = (
			);
			inputPaths = (
				"${PODS_PODFILE_DIR_PATH}/Podfile.lock",
				"${PODS_ROOT}/Manifest.lock",
			);
			name = "[CP] Check Pods Manifest.lock";
			outputFileListPaths = (
			);
			outputPaths = (
				"$(DERIVED_FILE_DIR)/Pods-SampleProject-checkManifestLockResult.txt",
			);
			runOnlyForDeploymentPostprocessing = 0;
			shellPath = /bin/sh;
			shellScript = "diff \"${PODS_PODFILE_DIR_PATH}/Podfile.lock\" \"${PODS_ROOT}/Manifest.lock\" > /dev/null\nif [ $? != 0 ] ; then\n    # print error to STDERR\n    echo \"error: The sandbox is not in sync with the Podfile.lock. Run 'pod install' or update your CocoaPods installation.\" >&2\n    exit 1\nfi\n# This output is used by Xcode 'outputs' to avoid re-running this script phase.\necho \"SUCCESS\" > \"${SCRIPT_OUTPUT_FILE_0}\"\n";
			showEnvVarsInLog = 0;
		};
		EEBBF8C7CB50C72288F39A07 /* [CP] Embed Pods Frameworks */ = {
			isa = PBXShellScriptBuildPhase;
			buildActionMask = 2147483647;
			files = (
			);
			inputFileListPaths = (
				"${PODS_ROOT}/Target Support Files/Pods-SampleProject/Pods-SampleProject-frameworks-${CONFIGURATION}-input-files.xcfilelist",
			);
			name = "[CP] Embed Pods Frameworks";
			outputFileListPaths = (
				"${PODS_ROOT}/Target Support Files/Pods-SampleProject/Pods-SampleProject-frameworks-${CONFIGURATION}-output-files.xcfilelist",
			);
			runOnlyForDeploymentPostprocessing = 0;
			shellPath = /bin/sh;
			shellScript = "\"${PODS_ROOT}/Target Support Files/Pods-SampleProject/Pods-SampleProject-frameworks.sh\"\n";
			showEnvVarsInLog = 0;
		};
/* End PBXShellScriptBuildPhase section */

/* Begin PBXSourcesBuildPhase section */
		EA464B49259BAC820039E5A7 /* Sources */ = {
			isa = PBXSourcesBuildPhase;
			buildActionMask = 2147483647;
			files = (
				EAE4F937259BB54700211FD1 /* LoginViewController.swift in Sources */,
				EA464B51259BAC820039E5A7 /* AppDelegate.swift in Sources */,
				EA464B93259BB1C40039E5A7 /* RouteUtils.swift in Sources */,
				EA464B53259BAC820039E5A7 /* SceneDelegate.swift in Sources */,
				EA464B77259BADF60039E5A7 /* AppCoordinator.swift in Sources */,
				EA464B97259BB1EE0039E5A7 /* Endpoints.swift in Sources */,
				EAAC16DB259BB445004B6EB5 /* ApiResponse.swift in Sources */,
				EA464B9B259BB2CE0039E5A7 /* Network.swift in Sources */,
				EAE4F943259BB70D00211FD1 /* LoginViewModel+Extension.swift in Sources */,
				EAE4F93B259BB59000211FD1 /* LoginViewModel.swift in Sources */,
				EA464B7F259BAEF00039E5A7 /* UIViewController+Nib.swift in Sources */,
				EA464B5B259BAC820039E5A7 /* SampleProject.xcdatamodeld in Sources */,
				EA464B8F259BB18B0039E5A7 /* Route.swift in Sources */,
				EA464B7A259BAE3C0039E5A7 /* AppCoordinator+Extension.swift in Sources */,
				EA464B73259BADD50039E5A7 /* BaseCoordinator.swift in Sources */,
				EAE4F93F259BB65500211FD1 /* LoginCoordinator.swift in Sources */,
				EAAC16D6259BB3BE004B6EB5 /* DefaultUtils.swift in Sources */,
			);
			runOnlyForDeploymentPostprocessing = 0;
		};
/* End PBXSourcesBuildPhase section */

/* Begin PBXVariantGroup section */
		EA464B56259BAC820039E5A7 /* Main.storyboard */ = {
			isa = PBXVariantGroup;
			children = (
				EA464B57259BAC820039E5A7 /* Base */,
			);
			name = Main.storyboard;
			sourceTree = "<group>";
		};
		EA464B5E259BAC830039E5A7 /* LaunchScreen.storyboard */ = {
			isa = PBXVariantGroup;
			children = (
				EA464B5F259BAC830039E5A7 /* Base */,
			);
			name = LaunchScreen.storyboard;
			sourceTree = "<group>";
		};
/* End PBXVariantGroup section */

/* Begin XCBuildConfiguration section */
		EA464B62259BAC830039E5A7 /* Debug */ = {
			isa = XCBuildConfiguration;
			buildSettings = {
				ALWAYS_SEARCH_USER_PATHS = NO;
				CLANG_ANALYZER_NONNULL = YES;
				CLANG_ANALYZER_NUMBER_OBJECT_CONVERSION = YES_AGGRESSIVE;
				CLANG_CXX_LANGUAGE_STANDARD = "gnu++14";
				CLANG_CXX_LIBRARY = "libc++";
				CLANG_ENABLE_MODULES = YES;
				CLANG_ENABLE_OBJC_ARC = YES;
				CLANG_ENABLE_OBJC_WEAK = YES;
				CLANG_WARN_BLOCK_CAPTURE_AUTORELEASING = YES;
				CLANG_WARN_BOOL_CONVERSION = YES;
				CLANG_WARN_COMMA = YES;
				CLANG_WARN_CONSTANT_CONVERSION = YES;
				CLANG_WARN_DEPRECATED_OBJC_IMPLEMENTATIONS = YES;
				CLANG_WARN_DIRECT_OBJC_ISA_USAGE = YES_ERROR;
				CLANG_WARN_DOCUMENTATION_COMMENTS = YES;
				CLANG_WARN_EMPTY_BODY = YES;
				CLANG_WARN_ENUM_CONVERSION = YES;
				CLANG_WARN_INFINITE_RECURSION = YES;
				CLANG_WARN_INT_CONVERSION = YES;
				CLANG_WARN_NON_LITERAL_NULL_CONVERSION = YES;
				CLANG_WARN_OBJC_IMPLICIT_RETAIN_SELF = YES;
				CLANG_WARN_OBJC_LITERAL_CONVERSION = YES;
				CLANG_WARN_OBJC_ROOT_CLASS = YES_ERROR;
				CLANG_WARN_QUOTED_INCLUDE_IN_FRAMEWORK_HEADER = YES;
				CLANG_WARN_RANGE_LOOP_ANALYSIS = YES;
				CLANG_WARN_STRICT_PROTOTYPES = YES;
				CLANG_WARN_SUSPICIOUS_MOVE = YES;
				CLANG_WARN_UNGUARDED_AVAILABILITY = YES_AGGRESSIVE;
				CLANG_WARN_UNREACHABLE_CODE = YES;
				CLANG_WARN__DUPLICATE_METHOD_MATCH = YES;
				COPY_PHASE_STRIP = NO;
				DEBUG_INFORMATION_FORMAT = dwarf;
				ENABLE_STRICT_OBJC_MSGSEND = YES;
				ENABLE_TESTABILITY = YES;
				GCC_C_LANGUAGE_STANDARD = gnu11;
				GCC_DYNAMIC_NO_PIC = NO;
				GCC_NO_COMMON_BLOCKS = YES;
				GCC_OPTIMIZATION_LEVEL = 0;
				GCC_PREPROCESSOR_DEFINITIONS = (
					"DEBUG=1",
					"$(inherited)",
				);
				GCC_WARN_64_TO_32_BIT_CONVERSION = YES;
				GCC_WARN_ABOUT_RETURN_TYPE = YES_ERROR;
				GCC_WARN_UNDECLARED_SELECTOR = YES;
				GCC_WARN_UNINITIALIZED_AUTOS = YES_AGGRESSIVE;
				GCC_WARN_UNUSED_FUNCTION = YES;
				GCC_WARN_UNUSED_VARIABLE = YES;
				IPHONEOS_DEPLOYMENT_TARGET = 14.2;
				MTL_ENABLE_DEBUG_INFO = INCLUDE_SOURCE;
				MTL_FAST_MATH = YES;
				ONLY_ACTIVE_ARCH = YES;
				SDKROOT = iphoneos;
				SWIFT_ACTIVE_COMPILATION_CONDITIONS = DEBUG;
				SWIFT_OPTIMIZATION_LEVEL = "-Onone";
			};
			name = Debug;
		};
		EA464B63259BAC830039E5A7 /* Release */ = {
			isa = XCBuildConfiguration;
			buildSettings = {
				ALWAYS_SEARCH_USER_PATHS = NO;
				CLANG_ANALYZER_NONNULL = YES;
				CLANG_ANALYZER_NUMBER_OBJECT_CONVERSION = YES_AGGRESSIVE;
				CLANG_CXX_LANGUAGE_STANDARD = "gnu++14";
				CLANG_CXX_LIBRARY = "libc++";
				CLANG_ENABLE_MODULES = YES;
				CLANG_ENABLE_OBJC_ARC = YES;
				CLANG_ENABLE_OBJC_WEAK = YES;
				CLANG_WARN_BLOCK_CAPTURE_AUTORELEASING = YES;
				CLANG_WARN_BOOL_CONVERSION = YES;
				CLANG_WARN_COMMA = YES;
				CLANG_WARN_CONSTANT_CONVERSION = YES;
				CLANG_WARN_DEPRECATED_OBJC_IMPLEMENTATIONS = YES;
				CLANG_WARN_DIRECT_OBJC_ISA_USAGE = YES_ERROR;
				CLANG_WARN_DOCUMENTATION_COMMENTS = YES;
				CLANG_WARN_EMPTY_BODY = YES;
				CLANG_WARN_ENUM_CONVERSION = YES;
				CLANG_WARN_INFINITE_RECURSION = YES;
				CLANG_WARN_INT_CONVERSION = YES;
				CLANG_WARN_NON_LITERAL_NULL_CONVERSION = YES;
				CLANG_WARN_OBJC_IMPLICIT_RETAIN_SELF = YES;
				CLANG_WARN_OBJC_LITERAL_CONVERSION = YES;
				CLANG_WARN_OBJC_ROOT_CLASS = YES_ERROR;
				CLANG_WARN_QUOTED_INCLUDE_IN_FRAMEWORK_HEADER = YES;
				CLANG_WARN_RANGE_LOOP_ANALYSIS = YES;
				CLANG_WARN_STRICT_PROTOTYPES = YES;
				CLANG_WARN_SUSPICIOUS_MOVE = YES;
				CLANG_WARN_UNGUARDED_AVAILABILITY = YES_AGGRESSIVE;
				CLANG_WARN_UNREACHABLE_CODE = YES;
				CLANG_WARN__DUPLICATE_METHOD_MATCH = YES;
				COPY_PHASE_STRIP = NO;
				DEBUG_INFORMATION_FORMAT = "dwarf-with-dsym";
				ENABLE_NS_ASSERTIONS = NO;
				ENABLE_STRICT_OBJC_MSGSEND = YES;
				GCC_C_LANGUAGE_STANDARD = gnu11;
				GCC_NO_COMMON_BLOCKS = YES;
				GCC_WARN_64_TO_32_BIT_CONVERSION = YES;
				GCC_WARN_ABOUT_RETURN_TYPE = YES_ERROR;
				GCC_WARN_UNDECLARED_SELECTOR = YES;
				GCC_WARN_UNINITIALIZED_AUTOS = YES_AGGRESSIVE;
				GCC_WARN_UNUSED_FUNCTION = YES;
				GCC_WARN_UNUSED_VARIABLE = YES;
				IPHONEOS_DEPLOYMENT_TARGET = 14.2;
				MTL_ENABLE_DEBUG_INFO = NO;
				MTL_FAST_MATH = YES;
				SDKROOT = iphoneos;
				SWIFT_COMPILATION_MODE = wholemodule;
				SWIFT_OPTIMIZATION_LEVEL = "-O";
				VALIDATE_PRODUCT = YES;
			};
			name = Release;
		};
		EA464B65259BAC830039E5A7 /* Debug */ = {
			isa = XCBuildConfiguration;
			baseConfigurationReference = 7C055A91D57389AB4ABBAF6A /* Pods-SampleProject.debug.xcconfig */;
			buildSettings = {
				ASSETCATALOG_COMPILER_APPICON_NAME = AppIcon;
				ASSETCATALOG_COMPILER_GLOBAL_ACCENT_COLOR_NAME = AccentColor;
				CODE_SIGN_STYLE = Automatic;
				DEVELOPMENT_TEAM = P3MY8KZZK3;
				INFOPLIST_FILE = SampleProject/Info.plist;
				LD_RUNPATH_SEARCH_PATHS = (
					"$(inherited)",
					"@executable_path/Frameworks",
				);
				PRODUCT_BUNDLE_IDENTIFIER = com.RamiOunifi.SampleProject;
				PRODUCT_NAME = "$(TARGET_NAME)";
				SWIFT_VERSION = 5.0;
				TARGETED_DEVICE_FAMILY = "1,2";
			};
			name = Debug;
		};
		EA464B66259BAC830039E5A7 /* Release */ = {
			isa = XCBuildConfiguration;
			baseConfigurationReference = 04914D6B601A0F2E372E956A /* Pods-SampleProject.release.xcconfig */;
			buildSettings = {
				ASSETCATALOG_COMPILER_APPICON_NAME = AppIcon;
				ASSETCATALOG_COMPILER_GLOBAL_ACCENT_COLOR_NAME = AccentColor;
				CODE_SIGN_STYLE = Automatic;
				DEVELOPMENT_TEAM = P3MY8KZZK3;
				INFOPLIST_FILE = SampleProject/Info.plist;
				LD_RUNPATH_SEARCH_PATHS = (
					"$(inherited)",
					"@executable_path/Frameworks",
				);
				PRODUCT_BUNDLE_IDENTIFIER = com.RamiOunifi.SampleProject;
				PRODUCT_NAME = "$(TARGET_NAME)";
				SWIFT_VERSION = 5.0;
				TARGETED_DEVICE_FAMILY = "1,2";
			};
			name = Release;
		};
/* End XCBuildConfiguration section */

/* Begin XCConfigurationList section */
		EA464B48259BAC810039E5A7 /* Build configuration list for PBXProject "SampleProject" */ = {
			isa = XCConfigurationList;
			buildConfigurations = (
				EA464B62259BAC830039E5A7 /* Debug */,
				EA464B63259BAC830039E5A7 /* Release */,
			);
			defaultConfigurationIsVisible = 0;
			defaultConfigurationName = Release;
		};
		EA464B64259BAC830039E5A7 /* Build configuration list for PBXNativeTarget "SampleProject" */ = {
			isa = XCConfigurationList;
			buildConfigurations = (
				EA464B65259BAC830039E5A7 /* Debug */,
				EA464B66259BAC830039E5A7 /* Release */,
			);
			defaultConfigurationIsVisible = 0;
			defaultConfigurationName = Release;
		};
/* End XCConfigurationList section */

/* Begin XCVersionGroup section */
		EA464B59259BAC820039E5A7 /* SampleProject.xcdatamodeld */ = {
			isa = XCVersionGroup;
			children = (
				EA464B5A259BAC820039E5A7 /* SampleProject.xcdatamodel */,
			);
			currentVersion = EA464B5A259BAC820039E5A7 /* SampleProject.xcdatamodel */;
			path = SampleProject.xcdatamodeld;
			sourceTree = "<group>";
			versionGroupType = wrapper.xcdatamodel;
		};
/* End XCVersionGroup section */
	};
	rootObject = EA464B45259BAC810039E5A7 /* Project object */;
}
