PODS:
  - Alamofire (4.9.1)
  - IQKeyboardManagerSwift (6.5.6)
  - RxCocoa (5.1.1):
    - RxRelay (~> 5)
    - RxSwift (~> 5)
  - RxRelay (5.1.1):
    - RxSwift (~> 5)
  - RxSwift (5.1.1)

DEPENDENCIES:
  - Alamofire (~> 4.9.1)
  - IQKeyboardManagerSwift
  - RxCocoa (~> 5)
  - RxSwift (~> 5)

SPEC REPOS:
  trunk:
    - Alamofire
    - IQKeyboardManagerSwift
    - RxCocoa
    - RxRelay
    - RxSwift

SPEC CHECKSUMS:
  Alamofire: 85e8a02c69d6020a0d734f6054870d7ecb75cf18
  IQKeyboardManagerSwift: c7df9d2deb356c04522f5c4b7b6e4ce4d8ed94fe
  RxCocoa: 32065309a38d29b5b0db858819b5bf9ef038b601
  RxRelay: d77f7d771495f43c556cbc43eebd1bb54d01e8e9
  RxSwift: 81470a2074fa8780320ea5fe4102807cb7118178

PODFILE CHECKSUM: c9000a2d98cd9724577400a011a57c2165346afb

COCOAPODS: 1.9.3
